
Microsoft Visual Studio Solution File, Format Version 12.00
# Visual Studio 2015
Project("{FAE04EC0-301F-11D3-BF4B-00C04F79EFBC}") = "CrazyArtem", "CrazyArtem.csproj", "{696C4126-B5FD-FDC7-0F9E-2DD3374280CF}"
EndProject
Global
	GlobalSection(SolutionConfigurationPlatforms) = preSolution
		Debug|Any CPU = Debug|Any CPU
		Release|Any CPU = Release|Any CPU
	EndGlobalSection
	GlobalSection(ProjectConfigurationPlatforms) = postSolution
		{696C4126-B5FD-FDC7-0F9E-2DD3374280CF}.Debug|Any CPU.ActiveCfg = Debug|Any CPU
		{696C4126-B5FD-FDC7-0F9E-2DD3374280CF}.Debug|Any CPU.Build.0 = Debug|Any CPU
		{696C4126-B5FD-FDC7-0F9E-2DD3374280CF}.Release|Any CPU.ActiveCfg = Release|Any CPU
		{696C4126-B5FD-FDC7-0F9E-2DD3374280CF}.Release|Any CPU.Build.0 = Release|Any CPU
	EndGlobalSection
	GlobalSection(SolutionProperties) = preSolution
		HideSolutionNode = FALSE
	EndGlobalSection
EndGlobal
